{
  "requires": true,
  "lockfileVersion": 1,
  "dependencies": {
    "securitytrails-js": {
      "version": "1.0.3",
      "resolved": "https://registry.npmjs.org/securitytrails-js/-/securitytrails-js-1.0.3.tgz",
      "integrity": "sha512-6uIvPrQ3FxFm3w8fIPfvR43m2cl1RLCnxal1Kz9geE+oj+Hhb8YJyfClsese2MCrjchtoJZDuISuldDqoa8hNg=="
    }
  }
}
